
Microsoft Visual Studio Solution File, Format Version 12.00
# Visual Studio Version 16
VisualStudioVersion = 16.0.29424.173
MinimumVisualStudioVersion = 10.0.40219.1
Project("{FAE04EC0-301F-11D3-BF4B-00C04F79EFBC}") = "MyProject.Web", "MyProject.Web\MyProject.Web.csproj", "{A1BD06FE-3358-43D2-A304-897CD6CE0202}"
EndProject
Project("{FAE04EC0-301F-11D3-BF4B-00C04F79EFBC}") = "MyProject.BusinessLogic", "MyProject.BusinessLogic\MyProject.BusinessLogic.csproj", "{B1DBE499-C3F3-410B-AE50-C1C93CC33A08}"
EndProject
Project("{FAE04EC0-301F-11D3-BF4B-00C04F79EFBC}") = "MyProject.Domain", "MyProject.Domain\MyProject.Domain.csproj", "{C515AF9C-4E46-449B-BCB8-7F0448B7142F}"
EndProject
Project("{FAE04EC0-301F-11D3-BF4B-00C04F79EFBC}") = "MyProject.Helpers", "MyProject.Helpers\MyProject.Helpers.csproj", "{52754957-DECB-44E9-A6DF-134EC3CC84BB}"
EndProject
Global
	GlobalSection(SolutionConfigurationPlatforms) = preSolution
		Debug|Any CPU = Debug|Any CPU
		Release|Any CPU = Release|Any CPU
	EndGlobalSection
	GlobalSection(ProjectConfigurationPlatforms) = postSolution
		{A1BD06FE-3358-43D2-A304-897CD6CE0202}.Debug|Any CPU.ActiveCfg = Debug|Any CPU
		{A1BD06FE-3358-43D2-A304-897CD6CE0202}.Debug|Any CPU.Build.0 = Debug|Any CPU
		{A1BD06FE-3358-43D2-A304-897CD6CE0202}.Release|Any CPU.ActiveCfg = Release|Any CPU
		{A1BD06FE-3358-43D2-A304-897CD6CE0202}.Release|Any CPU.Build.0 = Release|Any CPU
		{B1DBE499-C3F3-410B-AE50-C1C93CC33A08}.Debug|Any CPU.ActiveCfg = Debug|Any CPU
		{B1DBE499-C3F3-410B-AE50-C1C93CC33A08}.Debug|Any CPU.Build.0 = Debug|Any CPU
		{B1DBE499-C3F3-410B-AE50-C1C93CC33A08}.Release|Any CPU.ActiveCfg = Release|Any CPU
		{B1DBE499-C3F3-410B-AE50-C1C93CC33A08}.Release|Any CPU.Build.0 = Release|Any CPU
		{C515AF9C-4E46-449B-BCB8-7F0448B7142F}.Debug|Any CPU.ActiveCfg = Debug|Any CPU
		{C515AF9C-4E46-449B-BCB8-7F0448B7142F}.Debug|Any CPU.Build.0 = Debug|Any CPU
		{C515AF9C-4E46-449B-BCB8-7F0448B7142F}.Release|Any CPU.ActiveCfg = Release|Any CPU
		{C515AF9C-4E46-449B-BCB8-7F0448B7142F}.Release|Any CPU.Build.0 = Release|Any CPU
		{52754957-DECB-44E9-A6DF-134EC3CC84BB}.Debug|Any CPU.ActiveCfg = Debug|Any CPU
		{52754957-DECB-44E9-A6DF-134EC3CC84BB}.Debug|Any CPU.Build.0 = Debug|Any CPU
		{52754957-DECB-44E9-A6DF-134EC3CC84BB}.Release|Any CPU.ActiveCfg = Release|Any CPU
		{52754957-DECB-44E9-A6DF-134EC3CC84BB}.Release|Any CPU.Build.0 = Release|Any CPU
	EndGlobalSection
	GlobalSection(SolutionProperties) = preSolution
		HideSolutionNode = FALSE
	EndGlobalSection
	GlobalSection(ExtensibilityGlobals) = postSolution
		SolutionGuid = {39774F1D-7286-4F6F-95E1-0167B6E49792}
	EndGlobalSection
EndGlobal
